
Microsoft Visual Studio Solution File, Format Version 12.00
# Visual Studio Version 17
VisualStudioVersion = 17.5.33516.290
MinimumVisualStudioVersion = 10.0.40219.1
Project("{FAE04EC0-301F-11D3-BF4B-00C04F79EFBC}") = "Explicitloading", "Explicitloading\Explicitloading.csproj", "{B1070DD4-FEE5-4B38-B039-AA52CFFA3626}"
EndProject
Global
	GlobalSection(SolutionConfigurationPlatforms) = preSolution
		Debug|Any CPU = Debug|Any CPU
		Release|Any CPU = Release|Any CPU
	EndGlobalSection
	GlobalSection(ProjectConfigurationPlatforms) = postSolution
		{B1070DD4-FEE5-4B38-B039-AA52CFFA3626}.Debug|Any CPU.ActiveCfg = Debug|Any CPU
		{B1070DD4-FEE5-4B38-B039-AA52CFFA3626}.Debug|Any CPU.Build.0 = Debug|Any CPU
		{B1070DD4-FEE5-4B38-B039-AA52CFFA3626}.Release|Any CPU.ActiveCfg = Release|Any CPU
		{B1070DD4-FEE5-4B38-B039-AA52CFFA3626}.Release|Any CPU.Build.0 = Release|Any CPU
	EndGlobalSection
	GlobalSection(SolutionProperties) = preSolution
		HideSolutionNode = FALSE
	EndGlobalSection
	GlobalSection(ExtensibilityGlobals) = postSolution
		SolutionGuid = {0D324E32-AEBB-4AD0-9A81-2509D2421255}
	EndGlobalSection
EndGlobal
